
Microsoft Visual Studio Solution File, Format Version 12.00
Project("{FAE04EC0-301F-11D3-BF4B-00C04F79EFBC}") = "UIScales", "UIScales\UIScales.csproj", "{F7754A48-0055-46E9-9037-9F765087B414}"
EndProject
Project("{FAE04EC0-301F-11D3-BF4B-00C04F79EFBC}") = "CheatEnabler", "CheatEnabler\CheatEnabler.csproj", "{82AA2AD4-8264-4400-ACE3-401CE26764A5}"
EndProject
Global
	GlobalSection(SolutionConfigurationPlatforms) = preSolution
		Debug|Any CPU = Debug|Any CPU
		Release|Any CPU = Release|Any CPU
	EndGlobalSection
	GlobalSection(ProjectConfigurationPlatforms) = postSolution
		{F7754A48-0055-46E9-9037-9F765087B414}.Debug|Any CPU.ActiveCfg = Debug|Any CPU
		{F7754A48-0055-46E9-9037-9F765087B414}.Debug|Any CPU.Build.0 = Debug|Any CPU
		{F7754A48-0055-46E9-9037-9F765087B414}.Release|Any CPU.ActiveCfg = Release|Any CPU
		{F7754A48-0055-46E9-9037-9F765087B414}.Release|Any CPU.Build.0 = Release|Any CPU
		{82AA2AD4-8264-4400-ACE3-401CE26764A5}.Debug|Any CPU.ActiveCfg = Debug|Any CPU
		{82AA2AD4-8264-4400-ACE3-401CE26764A5}.Debug|Any CPU.Build.0 = Debug|Any CPU
		{82AA2AD4-8264-4400-ACE3-401CE26764A5}.Release|Any CPU.ActiveCfg = Release|Any CPU
		{82AA2AD4-8264-4400-ACE3-401CE26764A5}.Release|Any CPU.Build.0 = Release|Any CPU
	EndGlobalSection
EndGlobal
